
Microsoft Visual Studio Solution File, Format Version 12.00
# Visual Studio Version 17
VisualStudioVersion = 17.8.34525.116
MinimumVisualStudioVersion = 10.0.40219.1
Project("{FAE04EC0-301F-11D3-BF4B-00C04F79EFBC}") = "MySqlConnectionPOO", "MySqlConnectionPOO\MySqlConnectionPOO.csproj", "{0694CFAD-FBA5-452A-9F6C-FF46E9EA0231}"
EndProject
Global
	GlobalSection(SolutionConfigurationPlatforms) = preSolution
		Debug|Any CPU = Debug|Any CPU
		Release|Any CPU = Release|Any CPU
	EndGlobalSection
	GlobalSection(ProjectConfigurationPlatforms) = postSolution
		{0694CFAD-FBA5-452A-9F6C-FF46E9EA0231}.Debug|Any CPU.ActiveCfg = Debug|Any CPU
		{0694CFAD-FBA5-452A-9F6C-FF46E9EA0231}.Debug|Any CPU.Build.0 = Debug|Any CPU
		{0694CFAD-FBA5-452A-9F6C-FF46E9EA0231}.Release|Any CPU.ActiveCfg = Release|Any CPU
		{0694CFAD-FBA5-452A-9F6C-FF46E9EA0231}.Release|Any CPU.Build.0 = Release|Any CPU
	EndGlobalSection
	GlobalSection(SolutionProperties) = preSolution
		HideSolutionNode = FALSE
	EndGlobalSection
	GlobalSection(ExtensibilityGlobals) = postSolution
		SolutionGuid = {41D35089-9BE7-41D2-84A8-A0EF1220C851}
	EndGlobalSection
EndGlobal
